// !$*UTF8*$!
{
	archiveVersion = 1;
	classes = {
	};
	objectVersion = 50;
	objects = {

/* Begin PBXBuildFile section */
		922A882D23247D6D006B2115 /* WizardEdit.swift in Sources */ = {isa = PBXBuildFile; fileRef = 922A882C23247D6D006B2115 /* WizardEdit.swift */; };
		923B6562232360500002EE06 /* AppDelegate.swift in Sources */ = {isa = PBXBuildFile; fileRef = 923B6561232360500002EE06 /* AppDelegate.swift */; };
		923B6564232360500002EE06 /* SceneDelegate.swift in Sources */ = {isa = PBXBuildFile; fileRef = 923B6563232360500002EE06 /* SceneDelegate.swift */; };
		923B6567232360500002EE06 /* RxMinder.xcdatamodeld in Sources */ = {isa = PBXBuildFile; fileRef = 923B6565232360500002EE06 /* RxMinder.xcdatamodeld */; };
		923B6569232360500002EE06 /* WizardGetPhoto.swift in Sources */ = {isa = PBXBuildFile; fileRef = 923B6568232360500002EE06 /* WizardGetPhoto.swift */; };
		923B656B232360520002EE06 /* Assets.xcassets in Resources */ = {isa = PBXBuildFile; fileRef = 923B656A232360520002EE06 /* Assets.xcassets */; };
		923B656E232360520002EE06 /* Preview Assets.xcassets in Resources */ = {isa = PBXBuildFile; fileRef = 923B656D232360520002EE06 /* Preview Assets.xcassets */; };
		923B6571232360520002EE06 /* LaunchScreen.storyboard in Resources */ = {isa = PBXBuildFile; fileRef = 923B656F232360520002EE06 /* LaunchScreen.storyboard */; };
		92BBB7B82324B7FF009C738F /* WizardEnd.swift in Sources */ = {isa = PBXBuildFile; fileRef = 92BBB7B72324B7FF009C738F /* WizardEnd.swift */; };
		92D5928A23243A41009A51A9 /* Store.swift in Sources */ = {isa = PBXBuildFile; fileRef = 92D5928923243A41009A51A9 /* Store.swift */; };
		92DA98C623241BF200E8F138 /* WizardStart.swift in Sources */ = {isa = PBXBuildFile; fileRef = 92DA98C523241BF200E8F138 /* WizardStart.swift */; };
		92DA98C82324248000E8F138 /* WizardCamera.swift in Sources */ = {isa = PBXBuildFile; fileRef = 92DA98C72324248000E8F138 /* WizardCamera.swift */; };
		92F30A9823240259007C8B6E /* LatestPhoto.swift in Sources */ = {isa = PBXBuildFile; fileRef = 92F30A9723240259007C8B6E /* LatestPhoto.swift */; };
		92F30A9A2324152C007C8B6E /* MedicationsList.swift in Sources */ = {isa = PBXBuildFile; fileRef = 92F30A992324152C007C8B6E /* MedicationsList.swift */; };
		92F30A9C23241554007C8B6E /* RxTypes.swift in Sources */ = {isa = PBXBuildFile; fileRef = 92F30A9B23241554007C8B6E /* RxTypes.swift */; };
/* End PBXBuildFile section */

/* Begin PBXFileReference section */
		922A882C23247D6D006B2115 /* WizardEdit.swift */ = {isa = PBXFileReference; lastKnownFileType = sourcecode.swift; path = WizardEdit.swift; sourceTree = "<group>"; };
		923B655E232360500002EE06 /* RxMinder.app */ = {isa = PBXFileReference; explicitFileType = wrapper.application; includeInIndex = 0; path = RxMinder.app; sourceTree = BUILT_PRODUCTS_DIR; };
		923B6561232360500002EE06 /* AppDelegate.swift */ = {isa = PBXFileReference; lastKnownFileType = sourcecode.swift; path = AppDelegate.swift; sourceTree = "<group>"; };
		923B6563232360500002EE06 /* SceneDelegate.swift */ = {isa = PBXFileReference; lastKnownFileType = sourcecode.swift; path = SceneDelegate.swift; sourceTree = "<group>"; };
		923B6566232360500002EE06 /* RxMinder.xcdatamodel */ = {isa = PBXFileReference; lastKnownFileType = wrapper.xcdatamodel; path = RxMinder.xcdatamodel; sourceTree = "<group>"; };
		923B6568232360500002EE06 /* WizardGetPhoto.swift */ = {isa = PBXFileReference; lastKnownFileType = sourcecode.swift; path = WizardGetPhoto.swift; sourceTree = "<group>"; };
		923B656A232360520002EE06 /* Assets.xcassets */ = {isa = PBXFileReference; lastKnownFileType = folder.assetcatalog; path = Assets.xcassets; sourceTree = "<group>"; };
		923B656D232360520002EE06 /* Preview Assets.xcassets */ = {isa = PBXFileReference; lastKnownFileType = folder.assetcatalog; path = "Preview Assets.xcassets"; sourceTree = "<group>"; };
		923B6570232360520002EE06 /* Base */ = {isa = PBXFileReference; lastKnownFileType = file.storyboard; name = Base; path = Base.lproj/LaunchScreen.storyboard; sourceTree = "<group>"; };
		923B6572232360520002EE06 /* Info.plist */ = {isa = PBXFileReference; lastKnownFileType = text.plist.xml; path = Info.plist; sourceTree = "<group>"; };
		92BBB7B72324B7FF009C738F /* WizardEnd.swift */ = {isa = PBXFileReference; lastKnownFileType = sourcecode.swift; path = WizardEnd.swift; sourceTree = "<group>"; };
		92D5928923243A41009A51A9 /* Store.swift */ = {isa = PBXFileReference; lastKnownFileType = sourcecode.swift; path = Store.swift; sourceTree = "<group>"; };
		92DA98C523241BF200E8F138 /* WizardStart.swift */ = {isa = PBXFileReference; lastKnownFileType = sourcecode.swift; path = WizardStart.swift; sourceTree = "<group>"; };
		92DA98C72324248000E8F138 /* WizardCamera.swift */ = {isa = PBXFileReference; lastKnownFileType = sourcecode.swift; path = WizardCamera.swift; sourceTree = "<group>"; };
		92F30A9723240259007C8B6E /* LatestPhoto.swift */ = {isa = PBXFileReference; lastKnownFileType = sourcecode.swift; path = LatestPhoto.swift; sourceTree = "<group>"; };
		92F30A992324152C007C8B6E /* MedicationsList.swift */ = {isa = PBXFileReference; lastKnownFileType = sourcecode.swift; path = MedicationsList.swift; sourceTree = "<group>"; };
		92F30A9B23241554007C8B6E /* RxTypes.swift */ = {isa = PBXFileReference; lastKnownFileType = sourcecode.swift; path = RxTypes.swift; sourceTree = "<group>"; };
/* End PBXFileReference section */

/* Begin PBXFrameworksBuildPhase section */
		923B655B232360500002EE06 /* Frameworks */ = {
			isa = PBXFrameworksBuildPhase;
			buildActionMask = 2147483647;
			files = (
			);
			runOnlyForDeploymentPostprocessing = 0;
		};
/* End PBXFrameworksBuildPhase section */

/* Begin PBXGroup section */
		923B6555232360500002EE06 = {
			isa = PBXGroup;
			children = (
				923B6560232360500002EE06 /* RxMinder */,
				923B655F232360500002EE06 /* Products */,
			);
			sourceTree = "<group>";
		};
		923B655F232360500002EE06 /* Products */ = {
			isa = PBXGroup;
			children = (
				923B655E232360500002EE06 /* RxMinder.app */,
			);
			name = Products;
			sourceTree = "<group>";
		};
		923B6560232360500002EE06 /* RxMinder */ = {
			isa = PBXGroup;
			children = (
				923B6561232360500002EE06 /* AppDelegate.swift */,
				923B6563232360500002EE06 /* SceneDelegate.swift */,
				92F30A9723240259007C8B6E /* LatestPhoto.swift */,
				92F30A992324152C007C8B6E /* MedicationsList.swift */,
				92DA98C523241BF200E8F138 /* WizardStart.swift */,
				92DA98C72324248000E8F138 /* WizardCamera.swift */,
				923B6568232360500002EE06 /* WizardGetPhoto.swift */,
				922A882C23247D6D006B2115 /* WizardEdit.swift */,
				92BBB7B72324B7FF009C738F /* WizardEnd.swift */,
				92F30A9B23241554007C8B6E /* RxTypes.swift */,
				92D5928923243A41009A51A9 /* Store.swift */,
				923B656A232360520002EE06 /* Assets.xcassets */,
				923B656F232360520002EE06 /* LaunchScreen.storyboard */,
				923B6572232360520002EE06 /* Info.plist */,
				923B6565232360500002EE06 /* RxMinder.xcdatamodeld */,
				923B656C232360520002EE06 /* Preview Content */,
			);
			path = RxMinder;
			sourceTree = "<group>";
		};
		923B656C232360520002EE06 /* Preview Content */ = {
			isa = PBXGroup;
			children = (
				923B656D232360520002EE06 /* Preview Assets.xcassets */,
			);
			path = "Preview Content";
			sourceTree = "<group>";
		};
/* End PBXGroup section */

/* Begin PBXNativeTarget section */
		923B655D232360500002EE06 /* RxMinder */ = {
			isa = PBXNativeTarget;
			buildConfigurationList = 923B6575232360520002EE06 /* Build configuration list for PBXNativeTarget "RxMinder" */;
			buildPhases = (
				923B655A232360500002EE06 /* Sources */,
				923B655B232360500002EE06 /* Frameworks */,
				923B655C232360500002EE06 /* Resources */,
			);
			buildRules = (
			);
			dependencies = (
			);
			name = RxMinder;
			productName = RxMinder;
			productReference = 923B655E232360500002EE06 /* RxMinder.app */;
			productType = "com.apple.product-type.application";
		};
/* End PBXNativeTarget section */

/* Begin PBXProject section */
		923B6556232360500002EE06 /* Project object */ = {
			isa = PBXProject;
			attributes = {
				LastSwiftUpdateCheck = 1100;
				LastUpgradeCheck = 1100;
				ORGANIZATIONNAME = "Noah Rubin";
				TargetAttributes = {
					923B655D232360500002EE06 = {
						CreatedOnToolsVersion = 11.0;
					};
				};
			};
			buildConfigurationList = 923B6559232360500002EE06 /* Build configuration list for PBXProject "RxMinder" */;
			compatibilityVersion = "Xcode 9.3";
			developmentRegion = en;
			hasScannedForEncodings = 0;
			knownRegions = (
				en,
				Base,
			);
			mainGroup = 923B6555232360500002EE06;
			productRefGroup = 923B655F232360500002EE06 /* Products */;
			projectDirPath = "";
			projectRoot = "";
			targets = (
				923B655D232360500002EE06 /* RxMinder */,
			);
		};
/* End PBXProject section */

/* Begin PBXResourcesBuildPhase section */
		923B655C232360500002EE06 /* Resources */ = {
			isa = PBXResourcesBuildPhase;
			buildActionMask = 2147483647;
			files = (
				923B6571232360520002EE06 /* LaunchScreen.storyboard in Resources */,
				923B656E232360520002EE06 /* Preview Assets.xcassets in Resources */,
				923B656B232360520002EE06 /* Assets.xcassets in Resources */,
			);
			runOnlyForDeploymentPostprocessing = 0;
		};
/* End PBXResourcesBuildPhase section */

/* Begin PBXSourcesBuildPhase section */
		923B655A232360500002EE06 /* Sources */ = {
			isa = PBXSourcesBuildPhase;
			buildActionMask = 2147483647;
			files = (
				923B6562232360500002EE06 /* AppDelegate.swift in Sources */,
				922A882D23247D6D006B2115 /* WizardEdit.swift in Sources */,
				92BBB7B82324B7FF009C738F /* WizardEnd.swift in Sources */,
				923B6564232360500002EE06 /* SceneDelegate.swift in Sources */,
				92F30A9A2324152C007C8B6E /* MedicationsList.swift in Sources */,
				92DA98C82324248000E8F138 /* WizardCamera.swift in Sources */,
				92DA98C623241BF200E8F138 /* WizardStart.swift in Sources */,
				92D5928A23243A41009A51A9 /* Store.swift in Sources */,
				92F30A9823240259007C8B6E /* LatestPhoto.swift in Sources */,
				92F30A9C23241554007C8B6E /* RxTypes.swift in Sources */,
				923B6569232360500002EE06 /* WizardGetPhoto.swift in Sources */,
				923B6567232360500002EE06 /* RxMinder.xcdatamodeld in Sources */,
			);
			runOnlyForDeploymentPostprocessing = 0;
		};
/* End PBXSourcesBuildPhase section */

/* Begin PBXVariantGroup section */
		923B656F232360520002EE06 /* LaunchScreen.storyboard */ = {
			isa = PBXVariantGroup;
			children = (
				923B6570232360520002EE06 /* Base */,
			);
			name = LaunchScreen.storyboard;
			sourceTree = "<group>";
		};
/* End PBXVariantGroup section */

/* Begin XCBuildConfiguration section */
		923B6573232360520002EE06 /* Debug */ = {
			isa = XCBuildConfiguration;
			buildSettings = {
				ALWAYS_SEARCH_USER_PATHS = NO;
				CLANG_ANALYZER_NONNULL = YES;
				CLANG_ANALYZER_NUMBER_OBJECT_CONVERSION = YES_AGGRESSIVE;
				CLANG_CXX_LANGUAGE_STANDARD = "gnu++14";
				CLANG_CXX_LIBRARY = "libc++";
				CLANG_ENABLE_MODULES = YES;
				CLANG_ENABLE_OBJC_ARC = YES;
				CLANG_ENABLE_OBJC_WEAK = YES;
				CLANG_WARN_BLOCK_CAPTURE_AUTORELEASING = YES;
				CLANG_WARN_BOOL_CONVERSION = YES;
				CLANG_WARN_COMMA = YES;
				CLANG_WARN_CONSTANT_CONVERSION = YES;
				CLANG_WARN_DEPRECATED_OBJC_IMPLEMENTATIONS = YES;
				CLANG_WARN_DIRECT_OBJC_ISA_USAGE = YES_ERROR;
				CLANG_WARN_DOCUMENTATION_COMMENTS = YES;
				CLANG_WARN_EMPTY_BODY = YES;
				CLANG_WARN_ENUM_CONVERSION = YES;
				CLANG_WARN_INFINITE_RECURSION = YES;
				CLANG_WARN_INT_CONVERSION = YES;
				CLANG_WARN_NON_LITERAL_NULL_CONVERSION = YES;
				CLANG_WARN_OBJC_IMPLICIT_RETAIN_SELF = YES;
				CLANG_WARN_OBJC_LITERAL_CONVERSION = YES;
				CLANG_WARN_OBJC_ROOT_CLASS = YES_ERROR;
				CLANG_WARN_RANGE_LOOP_ANALYSIS = YES;
				CLANG_WARN_STRICT_PROTOTYPES = YES;
				CLANG_WARN_SUSPICIOUS_MOVE = YES;
				CLANG_WARN_UNGUARDED_AVAILABILITY = YES_AGGRESSIVE;
				CLANG_WARN_UNREACHABLE_CODE = YES;
				CLANG_WARN__DUPLICATE_METHOD_MATCH = YES;
				COPY_PHASE_STRIP = NO;
				DEBUG_INFORMATION_FORMAT = dwarf;
				ENABLE_STRICT_OBJC_MSGSEND = YES;
				ENABLE_TESTABILITY = YES;
				GCC_C_LANGUAGE_STANDARD = gnu11;
				GCC_DYNAMIC_NO_PIC = NO;
				GCC_NO_COMMON_BLOCKS = YES;
				GCC_OPTIMIZATION_LEVEL = 0;
				GCC_PREPROCESSOR_DEFINITIONS = (
					"DEBUG=1",
					"$(inherited)",
				);
				GCC_WARN_64_TO_32_BIT_CONVERSION = YES;
				GCC_WARN_ABOUT_RETURN_TYPE = YES_ERROR;
				GCC_WARN_UNDECLARED_SELECTOR = YES;
				GCC_WARN_UNINITIALIZED_AUTOS = YES_AGGRESSIVE;
				GCC_WARN_UNUSED_FUNCTION = YES;
				GCC_WARN_UNUSED_VARIABLE = YES;
				IPHONEOS_DEPLOYMENT_TARGET = 13.0;
				MTL_ENABLE_DEBUG_INFO = INCLUDE_SOURCE;
				MTL_FAST_MATH = YES;
				ONLY_ACTIVE_ARCH = YES;
				SDKROOT = iphoneos;
				SWIFT_ACTIVE_COMPILATION_CONDITIONS = DEBUG;
				SWIFT_OPTIMIZATION_LEVEL = "-Onone";
			};
			name = Debug;
		};
		923B6574232360520002EE06 /* Release */ = {
			isa = XCBuildConfiguration;
			buildSettings = {
				ALWAYS_SEARCH_USER_PATHS = NO;
				CLANG_ANALYZER_NONNULL = YES;
				CLANG_ANALYZER_NUMBER_OBJECT_CONVERSION = YES_AGGRESSIVE;
				CLANG_CXX_LANGUAGE_STANDARD = "gnu++14";
				CLANG_CXX_LIBRARY = "libc++";
				CLANG_ENABLE_MODULES = YES;
				CLANG_ENABLE_OBJC_ARC = YES;
				CLANG_ENABLE_OBJC_WEAK = YES;
				CLANG_WARN_BLOCK_CAPTURE_AUTORELEASING = YES;
				CLANG_WARN_BOOL_CONVERSION = YES;
				CLANG_WARN_COMMA = YES;
				CLANG_WARN_CONSTANT_CONVERSION = YES;
				CLANG_WARN_DEPRECATED_OBJC_IMPLEMENTATIONS = YES;
				CLANG_WARN_DIRECT_OBJC_ISA_USAGE = YES_ERROR;
				CLANG_WARN_DOCUMENTATION_COMMENTS = YES;
				CLANG_WARN_EMPTY_BODY = YES;
				CLANG_WARN_ENUM_CONVERSION = YES;
				CLANG_WARN_INFINITE_RECURSION = YES;
				CLANG_WARN_INT_CONVERSION = YES;
				CLANG_WARN_NON_LITERAL_NULL_CONVERSION = YES;
				CLANG_WARN_OBJC_IMPLICIT_RETAIN_SELF = YES;
				CLANG_WARN_OBJC_LITERAL_CONVERSION = YES;
				CLANG_WARN_OBJC_ROOT_CLASS = YES_ERROR;
				CLANG_WARN_RANGE_LOOP_ANALYSIS = YES;
				CLANG_WARN_STRICT_PROTOTYPES = YES;
				CLANG_WARN_SUSPICIOUS_MOVE = YES;
				CLANG_WARN_UNGUARDED_AVAILABILITY = YES_AGGRESSIVE;
				CLANG_WARN_UNREACHABLE_CODE = YES;
				CLANG_WARN__DUPLICATE_METHOD_MATCH = YES;
				COPY_PHASE_STRIP = NO;
				DEBUG_INFORMATION_FORMAT = "dwarf-with-dsym";
				ENABLE_NS_ASSERTIONS = NO;
				ENABLE_STRICT_OBJC_MSGSEND = YES;
				GCC_C_LANGUAGE_STANDARD = gnu11;
				GCC_NO_COMMON_BLOCKS = YES;
				GCC_WARN_64_TO_32_BIT_CONVERSION = YES;
				GCC_WARN_ABOUT_RETURN_TYPE = YES_ERROR;
				GCC_WARN_UNDECLARED_SELECTOR = YES;
				GCC_WARN_UNINITIALIZED_AUTOS = YES_AGGRESSIVE;
				GCC_WARN_UNUSED_FUNCTION = YES;
				GCC_WARN_UNUSED_VARIABLE = YES;
				IPHONEOS_DEPLOYMENT_TARGET = 13.0;
				MTL_ENABLE_DEBUG_INFO = NO;
				MTL_FAST_MATH = YES;
				SDKROOT = iphoneos;
				SWIFT_COMPILATION_MODE = wholemodule;
				SWIFT_OPTIMIZATION_LEVEL = "-O";
				VALIDATE_PRODUCT = YES;
			};
			name = Release;
		};
		923B6576232360520002EE06 /* Debug */ = {
			isa = XCBuildConfiguration;
			buildSettings = {
				ASSETCATALOG_COMPILER_APPICON_NAME = AppIcon;
				CODE_SIGN_STYLE = Automatic;
				DEVELOPMENT_ASSET_PATHS = "\"RxMinder/Preview Content\"";
				DEVELOPMENT_TEAM = MA2S2XQ649;
				ENABLE_PREVIEWS = YES;
				INFOPLIST_FILE = RxMinder/Info.plist;
				LD_RUNPATH_SEARCH_PATHS = (
					"$(inherited)",
					"@executable_path/Frameworks",
				);
				PRODUCT_BUNDLE_IDENTIFIER = com.nrubintech.RxMinder;
				PRODUCT_NAME = "$(TARGET_NAME)";
				SWIFT_VERSION = 5.0;
				TARGETED_DEVICE_FAMILY = "1,2";
			};
			name = Debug;
		};
		923B6577232360520002EE06 /* Release */ = {
			isa = XCBuildConfiguration;
			buildSettings = {
				ASSETCATALOG_COMPILER_APPICON_NAME = AppIcon;
				CODE_SIGN_STYLE = Automatic;
				DEVELOPMENT_ASSET_PATHS = "\"RxMinder/Preview Content\"";
				DEVELOPMENT_TEAM = MA2S2XQ649;
				ENABLE_PREVIEWS = YES;
				INFOPLIST_FILE = RxMinder/Info.plist;
				LD_RUNPATH_SEARCH_PATHS = (
					"$(inherited)",
					"@executable_path/Frameworks",
				);
				PRODUCT_BUNDLE_IDENTIFIER = com.nrubintech.RxMinder;
				PRODUCT_NAME = "$(TARGET_NAME)";
				SWIFT_VERSION = 5.0;
				TARGETED_DEVICE_FAMILY = "1,2";
			};
			name = Release;
		};
/* End XCBuildConfiguration section */

/* Begin XCConfigurationList section */
		923B6559232360500002EE06 /* Build configuration list for PBXProject "RxMinder" */ = {
			isa = XCConfigurationList;
			buildConfigurations = (
				923B6573232360520002EE06 /* Debug */,
				923B6574232360520002EE06 /* Release */,
			);
			defaultConfigurationIsVisible = 0;
			defaultConfigurationName = Release;
		};
		923B6575232360520002EE06 /* Build configuration list for PBXNativeTarget "RxMinder" */ = {
			isa = XCConfigurationList;
			buildConfigurations = (
				923B6576232360520002EE06 /* Debug */,
				923B6577232360520002EE06 /* Release */,
			);
			defaultConfigurationIsVisible = 0;
			defaultConfigurationName = Release;
		};
/* End XCConfigurationList section */

/* Begin XCVersionGroup section */
		923B6565232360500002EE06 /* RxMinder.xcdatamodeld */ = {
			isa = XCVersionGroup;
			children = (
				923B6566232360500002EE06 /* RxMinder.xcdatamodel */,
			);
			currentVersion = 923B6566232360500002EE06 /* RxMinder.xcdatamodel */;
			path = RxMinder.xcdatamodeld;
			sourceTree = "<group>";
			versionGroupType = wrapper.xcdatamodel;
		};
/* End XCVersionGroup section */
	};
	rootObject = 923B6556232360500002EE06 /* Project object */;
}
